// !$*UTF8*$!
{
	archiveVersion = 1;
	classes = {
	};
	objectVersion = 56;
	objects = {

/* Begin PBXBuildFile section */
		3F4277562DF93887003A73BC /* ShoppingCartViewModelTests.swift in Sources */ = {isa = PBXBuildFile; fileRef = 3F4277552DF93887003A73BC /* ShoppingCartViewModelTests.swift */; };
		3F42775C2DF93916003A73BC /* ShoppingCartIntegrationTests.swift in Sources */ = {isa = PBXBuildFile; fileRef = 3F42774D2DF93800003A73BC /* ShoppingCartIntegrationTests.swift */; };
		3FA1B17F2DEC275800672C7E /* shopping_cartApp.swift in Sources */ = {isa = PBXBuildFile; fileRef = 3FA1B17E2DEC275800672C7E /* shopping_cartApp.swift */; };
		3FA1B1812DEC275800672C7E /* ContentView.swift in Sources */ = {isa = PBXBuildFile; fileRef = 3FA1B1802DEC275800672C7E /* ContentView.swift */; };
		3FA1B1832DEC275B00672C7E /* Assets.xcassets in Resources */ = {isa = PBXBuildFile; fileRef = 3FA1B1822DEC275B00672C7E /* Assets.xcassets */; };
		3FA1B1862DEC275B00672C7E /* Preview Assets.xcassets in Resources */ = {isa = PBXBuildFile; fileRef = 3FA1B1852DEC275B00672C7E /* Preview Assets.xcassets */; };
		3FA1B18E2DEC29F500672C7E /* Product.swift in Sources */ = {isa = PBXBuildFile; fileRef = 3FA1B18D2DEC29F500672C7E /* Product.swift */; };
		3FA1B1912DEC2A1E00672C7E /* ProductApiClient.swift in Sources */ = {isa = PBXBuildFile; fileRef = 3FA1B1902DEC2A1E00672C7E /* ProductApiClient.swift */; };
		3FA1B1942DEC2A4100672C7E /* CartItem.swift in Sources */ = {isa = PBXBuildFile; fileRef = 3FA1B1932DEC2A4100672C7E /* CartItem.swift */; };
		3FA1B1972DEC2A6500672C7E /* CartSummary.swift in Sources */ = {isa = PBXBuildFile; fileRef = 3FA1B1962DEC2A6500672C7E /* CartSummary.swift */; };
		3FA1B19A2DEC2A9100672C7E /* Tax.swift in Sources */ = {isa = PBXBuildFile; fileRef = 3FA1B1992DEC2A9100672C7E /* Tax.swift */; };
		3FA1B19F2DEC2ADA00672C7E /* ShoppingCart.swift in Sources */ = {isa = PBXBuildFile; fileRef = 3FA1B19E2DEC2ADA00672C7E /* ShoppingCart.swift */; };
/* End PBXBuildFile section */

/* Begin PBXContainerItemProxy section */
		3F4277572DF93887003A73BC /* PBXContainerItemProxy */ = {
			isa = PBXContainerItemProxy;
			containerPortal = 3FA1B1732DEC275800672C7E /* Project object */;
			proxyType = 1;
			remoteGlobalIDString = 3FA1B17A2DEC275800672C7E;
			remoteInfo = shopping_cart;
		};
/* End PBXContainerItemProxy section */

/* Begin PBXFileReference section */
		3F42774D2DF93800003A73BC /* ShoppingCartIntegrationTests.swift */ = {isa = PBXFileReference; lastKnownFileType = sourcecode.swift; path = ShoppingCartIntegrationTests.swift; sourceTree = "<group>"; };
		3F4277532DF93887003A73BC /* shopping_cartTests.xctest */ = {isa = PBXFileReference; explicitFileType = wrapper.cfbundle; includeInIndex = 0; path = shopping_cartTests.xctest; sourceTree = BUILT_PRODUCTS_DIR; };
		3F4277552DF93887003A73BC /* ShoppingCartViewModelTests.swift */ = {isa = PBXFileReference; lastKnownFileType = sourcecode.swift; path = ShoppingCartViewModelTests.swift; sourceTree = "<group>"; };
		3FA1B17B2DEC275800672C7E /* shopping_cart.app */ = {isa = PBXFileReference; explicitFileType = wrapper.application; includeInIndex = 0; path = shopping_cart.app; sourceTree = BUILT_PRODUCTS_DIR; };
		3FA1B17E2DEC275800672C7E /* shopping_cartApp.swift */ = {isa = PBXFileReference; lastKnownFileType = sourcecode.swift; path = shopping_cartApp.swift; sourceTree = "<group>"; };
		3FA1B1802DEC275800672C7E /* ContentView.swift */ = {isa = PBXFileReference; lastKnownFileType = sourcecode.swift; path = ContentView.swift; sourceTree = "<group>"; };
		3FA1B1822DEC275B00672C7E /* Assets.xcassets */ = {isa = PBXFileReference; lastKnownFileType = folder.assetcatalog; path = Assets.xcassets; sourceTree = "<group>"; };
		3FA1B1852DEC275B00672C7E /* Preview Assets.xcassets */ = {isa = PBXFileReference; lastKnownFileType = folder.assetcatalog; path = "Preview Assets.xcassets"; sourceTree = "<group>"; };
		3FA1B18D2DEC29F500672C7E /* Product.swift */ = {isa = PBXFileReference; lastKnownFileType = sourcecode.swift; path = Product.swift; sourceTree = "<group>"; };
		3FA1B1902DEC2A1E00672C7E /* ProductApiClient.swift */ = {isa = PBXFileReference; lastKnownFileType = sourcecode.swift; path = ProductApiClient.swift; sourceTree = "<group>"; };
		3FA1B1932DEC2A4100672C7E /* CartItem.swift */ = {isa = PBXFileReference; lastKnownFileType = sourcecode.swift; path = CartItem.swift; sourceTree = "<group>"; };
		3FA1B1962DEC2A6500672C7E /* CartSummary.swift */ = {isa = PBXFileReference; lastKnownFileType = sourcecode.swift; path = CartSummary.swift; sourceTree = "<group>"; };
		3FA1B1992DEC2A9100672C7E /* Tax.swift */ = {isa = PBXFileReference; lastKnownFileType = sourcecode.swift; path = Tax.swift; sourceTree = "<group>"; };
		3FA1B19E2DEC2ADA00672C7E /* ShoppingCart.swift */ = {isa = PBXFileReference; lastKnownFileType = sourcecode.swift; path = ShoppingCart.swift; sourceTree = "<group>"; };
/* End PBXFileReference section */

/* Begin PBXFrameworksBuildPhase section */
		3F4277502DF93887003A73BC /* Frameworks */ = {
			isa = PBXFrameworksBuildPhase;
			buildActionMask = 2147483647;
			files = (
			);
			runOnlyForDeploymentPostprocessing = 0;
		};
		3FA1B1782DEC275800672C7E /* Frameworks */ = {
			isa = PBXFrameworksBuildPhase;
			buildActionMask = 2147483647;
			files = (
			);
			runOnlyForDeploymentPostprocessing = 0;
		};
/* End PBXFrameworksBuildPhase section */

/* Begin PBXGroup section */
		3F4277542DF93887003A73BC /* shopping_cartTests */ = {
			isa = PBXGroup;
			children = (
				3F4277552DF93887003A73BC /* ShoppingCartViewModelTests.swift */,
				3F42774D2DF93800003A73BC /* ShoppingCartIntegrationTests.swift */,
			);
			path = shopping_cartTests;
			sourceTree = "<group>";
		};
		3FA1B1722DEC275800672C7E = {
			isa = PBXGroup;
			children = (
				3FA1B17D2DEC275800672C7E /* shopping_cart */,
				3F4277542DF93887003A73BC /* shopping_cartTests */,
				3FA1B17C2DEC275800672C7E /* Products */,
			);
			sourceTree = "<group>";
		};
		3FA1B17C2DEC275800672C7E /* Products */ = {
			isa = PBXGroup;
			children = (
				3FA1B17B2DEC275800672C7E /* shopping_cart.app */,
				3F4277532DF93887003A73BC /* shopping_cartTests.xctest */,
			);
			name = Products;
			sourceTree = "<group>";
		};
		3FA1B17D2DEC275800672C7E /* shopping_cart */ = {
			isa = PBXGroup;
			children = (
				3FA1B18C2DEC29DB00672C7E /* Product Model */,
				3FA1B18F2DEC2A0700672C7E /* ProductApiClient */,
				3FA1B1922DEC2A3000672C7E /* CartItem Model */,
				3FA1B1952DEC2A5500672C7E /* CartSummary */,
				3FA1B1982DEC2A7900672C7E /* Tax Calculation */,
				3FA1B17E2DEC275800672C7E /* shopping_cartApp.swift */,
				3FA1B19D2DEC2ACA00672C7E /* ShoppingCart Class */,
				3FA1B1802DEC275800672C7E /* ContentView.swift */,
				3FA1B1822DEC275B00672C7E /* Assets.xcassets */,
				3FA1B1842DEC275B00672C7E /* Preview Content */,
			);
			path = shopping_cart;
			sourceTree = "<group>";
		};
		3FA1B1842DEC275B00672C7E /* Preview Content */ = {
			isa = PBXGroup;
			children = (
				3FA1B1852DEC275B00672C7E /* Preview Assets.xcassets */,
			);
			path = "Preview Content";
			sourceTree = "<group>";
		};
		3FA1B18C2DEC29DB00672C7E /* Product Model */ = {
			isa = PBXGroup;
			children = (
				3FA1B18D2DEC29F500672C7E /* Product.swift */,
			);
			path = "Product Model";
			sourceTree = "<group>";
		};
		3FA1B18F2DEC2A0700672C7E /* ProductApiClient */ = {
			isa = PBXGroup;
			children = (
				3FA1B1902DEC2A1E00672C7E /* ProductApiClient.swift */,
			);
			path = ProductApiClient;
			sourceTree = "<group>";
		};
		3FA1B1922DEC2A3000672C7E /* CartItem Model */ = {
			isa = PBXGroup;
			children = (
				3FA1B1932DEC2A4100672C7E /* CartItem.swift */,
			);
			path = "CartItem Model";
			sourceTree = "<group>";
		};
		3FA1B1952DEC2A5500672C7E /* CartSummary */ = {
			isa = PBXGroup;
			children = (
				3FA1B1962DEC2A6500672C7E /* CartSummary.swift */,
			);
			path = CartSummary;
			sourceTree = "<group>";
		};
		3FA1B1982DEC2A7900672C7E /* Tax Calculation */ = {
			isa = PBXGroup;
			children = (
				3FA1B1992DEC2A9100672C7E /* Tax.swift */,
			);
			path = "Tax Calculation";
			sourceTree = "<group>";
		};
		3FA1B19D2DEC2ACA00672C7E /* ShoppingCart Class */ = {
			isa = PBXGroup;
			children = (
				3FA1B19E2DEC2ADA00672C7E /* ShoppingCart.swift */,
			);
			path = "ShoppingCart Class";
			sourceTree = "<group>";
		};
/* End PBXGroup section */

/* Begin PBXNativeTarget section */
		3F4277522DF93887003A73BC /* shopping_cartTests */ = {
			isa = PBXNativeTarget;
			buildConfigurationList = 3F4277592DF93887003A73BC /* Build configuration list for PBXNativeTarget "shopping_cartTests" */;
			buildPhases = (
				3F42774F2DF93887003A73BC /* Sources */,
				3F4277502DF93887003A73BC /* Frameworks */,
				3F4277512DF93887003A73BC /* Resources */,
			);
			buildRules = (
			);
			dependencies = (
				3F4277582DF93887003A73BC /* PBXTargetDependency */,
			);
			name = shopping_cartTests;
			productName = shopping_cartTests;
			productReference = 3F4277532DF93887003A73BC /* shopping_cartTests.xctest */;
			productType = "com.apple.product-type.bundle.unit-test";
		};
		3FA1B17A2DEC275800672C7E /* shopping_cart */ = {
			isa = PBXNativeTarget;
			buildConfigurationList = 3FA1B1892DEC275B00672C7E /* Build configuration list for PBXNativeTarget "shopping_cart" */;
			buildPhases = (
				3FA1B1772DEC275800672C7E /* Sources */,
				3FA1B1782DEC275800672C7E /* Frameworks */,
				3FA1B1792DEC275800672C7E /* Resources */,
			);
			buildRules = (
			);
			dependencies = (
			);
			name = shopping_cart;
			productName = shopping_cart;
			productReference = 3FA1B17B2DEC275800672C7E /* shopping_cart.app */;
			productType = "com.apple.product-type.application";
		};
/* End PBXNativeTarget section */

/* Begin PBXProject section */
		3FA1B1732DEC275800672C7E /* Project object */ = {
			isa = PBXProject;
			attributes = {
				BuildIndependentTargetsInParallel = 1;
				LastSwiftUpdateCheck = 1500;
				LastUpgradeCheck = 1500;
				TargetAttributes = {
					3F4277522DF93887003A73BC = {
						CreatedOnToolsVersion = 15.0.1;
						TestTargetID = 3FA1B17A2DEC275800672C7E;
					};
					3FA1B17A2DEC275800672C7E = {
						CreatedOnToolsVersion = 15.0.1;
					};
				};
			};
			buildConfigurationList = 3FA1B1762DEC275800672C7E /* Build configuration list for PBXProject "shopping_cart" */;
			compatibilityVersion = "Xcode 14.0";
			developmentRegion = en;
			hasScannedForEncodings = 0;
			knownRegions = (
				en,
				Base,
			);
			mainGroup = 3FA1B1722DEC275800672C7E;
			productRefGroup = 3FA1B17C2DEC275800672C7E /* Products */;
			projectDirPath = "";
			projectRoot = "";
			targets = (
				3FA1B17A2DEC275800672C7E /* shopping_cart */,
				3F4277522DF93887003A73BC /* shopping_cartTests */,
			);
		};
/* End PBXProject section */

/* Begin PBXResourcesBuildPhase section */
		3F4277512DF93887003A73BC /* Resources */ = {
			isa = PBXResourcesBuildPhase;
			buildActionMask = 2147483647;
			files = (
			);
			runOnlyForDeploymentPostprocessing = 0;
		};
		3FA1B1792DEC275800672C7E /* Resources */ = {
			isa = PBXResourcesBuildPhase;
			buildActionMask = 2147483647;
			files = (
				3FA1B1862DEC275B00672C7E /* Preview Assets.xcassets in Resources */,
				3FA1B1832DEC275B00672C7E /* Assets.xcassets in Resources */,
			);
			runOnlyForDeploymentPostprocessing = 0;
		};
/* End PBXResourcesBuildPhase section */

/* Begin PBXSourcesBuildPhase section */
		3F42774F2DF93887003A73BC /* Sources */ = {
			isa = PBXSourcesBuildPhase;
			buildActionMask = 2147483647;
			files = (
				3F42775C2DF93916003A73BC /* ShoppingCartIntegrationTests.swift in Sources */,
				3F4277562DF93887003A73BC /* ShoppingCartViewModelTests.swift in Sources */,
			);
			runOnlyForDeploymentPostprocessing = 0;
		};
		3FA1B1772DEC275800672C7E /* Sources */ = {
			isa = PBXSourcesBuildPhase;
			buildActionMask = 2147483647;
			files = (
				3FA1B1812DEC275800672C7E /* ContentView.swift in Sources */,
				3FA1B17F2DEC275800672C7E /* shopping_cartApp.swift in Sources */,
				3FA1B1972DEC2A6500672C7E /* CartSummary.swift in Sources */,
				3FA1B18E2DEC29F500672C7E /* Product.swift in Sources */,
				3FA1B19A2DEC2A9100672C7E /* Tax.swift in Sources */,
				3FA1B1942DEC2A4100672C7E /* CartItem.swift in Sources */,
				3FA1B1912DEC2A1E00672C7E /* ProductApiClient.swift in Sources */,
				3FA1B19F2DEC2ADA00672C7E /* ShoppingCart.swift in Sources */,
			);
			runOnlyForDeploymentPostprocessing = 0;
		};
/* End PBXSourcesBuildPhase section */

/* Begin PBXTargetDependency section */
		3F4277582DF93887003A73BC /* PBXTargetDependency */ = {
			isa = PBXTargetDependency;
			target = 3FA1B17A2DEC275800672C7E /* shopping_cart */;
			targetProxy = 3F4277572DF93887003A73BC /* PBXContainerItemProxy */;
		};
/* End PBXTargetDependency section */

/* Begin XCBuildConfiguration section */
		3F42775A2DF93887003A73BC /* Debug */ = {
			isa = XCBuildConfiguration;
			buildSettings = {
				BUNDLE_LOADER = "$(TEST_HOST)";
				CODE_SIGN_STYLE = Automatic;
				CURRENT_PROJECT_VERSION = 1;
				GENERATE_INFOPLIST_FILE = YES;
				MARKETING_VERSION = 1.0;
				PRODUCT_BUNDLE_IDENTIFIER = "com.shopping-cartTests";
				PRODUCT_NAME = "$(TARGET_NAME)";
				SWIFT_EMIT_LOC_STRINGS = NO;
				SWIFT_VERSION = 5.0;
				TARGETED_DEVICE_FAMILY = "1,2";
				TEST_HOST = "$(BUILT_PRODUCTS_DIR)/shopping_cart.app/$(BUNDLE_EXECUTABLE_FOLDER_PATH)/shopping_cart";
			};
			name = Debug;
		};
		3F42775B2DF93887003A73BC /* Release */ = {
			isa = XCBuildConfiguration;
			buildSettings = {
				BUNDLE_LOADER = "$(TEST_HOST)";
				CODE_SIGN_STYLE = Automatic;
				CURRENT_PROJECT_VERSION = 1;
				GENERATE_INFOPLIST_FILE = YES;
				MARKETING_VERSION = 1.0;
				PRODUCT_BUNDLE_IDENTIFIER = "com.shopping-cartTests";
				PRODUCT_NAME = "$(TARGET_NAME)";
				SWIFT_EMIT_LOC_STRINGS = NO;
				SWIFT_VERSION = 5.0;
				TARGETED_DEVICE_FAMILY = "1,2";
				TEST_HOST = "$(BUILT_PRODUCTS_DIR)/shopping_cart.app/$(BUNDLE_EXECUTABLE_FOLDER_PATH)/shopping_cart";
			};
			name = Release;
		};
		3FA1B1872DEC275B00672C7E /* Debug */ = {
			isa = XCBuildConfiguration;
			buildSettings = {
				ALWAYS_SEARCH_USER_PATHS = NO;
				ASSETCATALOG_COMPILER_GENERATE_SWIFT_ASSET_SYMBOL_EXTENSIONS = YES;
				CLANG_ANALYZER_NONNULL = YES;
				CLANG_ANALYZER_NUMBER_OBJECT_CONVERSION = YES_AGGRESSIVE;
				CLANG_CXX_LANGUAGE_STANDARD = "gnu++20";
				CLANG_ENABLE_MODULES = YES;
				CLANG_ENABLE_OBJC_ARC = YES;
				CLANG_ENABLE_OBJC_WEAK = YES;
				CLANG_WARN_BLOCK_CAPTURE_AUTORELEASING = YES;
				CLANG_WARN_BOOL_CONVERSION = YES;
				CLANG_WARN_COMMA = YES;
				CLANG_WARN_CONSTANT_CONVERSION = YES;
				CLANG_WARN_DEPRECATED_OBJC_IMPLEMENTATIONS = YES;
				CLANG_WARN_DIRECT_OBJC_ISA_USAGE = YES_ERROR;
				CLANG_WARN_DOCUMENTATION_COMMENTS = YES;
				CLANG_WARN_EMPTY_BODY = YES;
				CLANG_WARN_ENUM_CONVERSION = YES;
				CLANG_WARN_INFINITE_RECURSION = YES;
				CLANG_WARN_INT_CONVERSION = YES;
				CLANG_WARN_NON_LITERAL_NULL_CONVERSION = YES;
				CLANG_WARN_OBJC_IMPLICIT_RETAIN_SELF = YES;
				CLANG_WARN_OBJC_LITERAL_CONVERSION = YES;
				CLANG_WARN_OBJC_ROOT_CLASS = YES_ERROR;
				CLANG_WARN_QUOTED_INCLUDE_IN_FRAMEWORK_HEADER = YES;
				CLANG_WARN_RANGE_LOOP_ANALYSIS = YES;
				CLANG_WARN_STRICT_PROTOTYPES = YES;
				CLANG_WARN_SUSPICIOUS_MOVE = YES;
				CLANG_WARN_UNGUARDED_AVAILABILITY = YES_AGGRESSIVE;
				CLANG_WARN_UNREACHABLE_CODE = YES;
				CLANG_WARN__DUPLICATE_METHOD_MATCH = YES;
				COPY_PHASE_STRIP = NO;
				DEBUG_INFORMATION_FORMAT = dwarf;
				ENABLE_STRICT_OBJC_MSGSEND = YES;
				ENABLE_TESTABILITY = YES;
				ENABLE_USER_SCRIPT_SANDBOXING = YES;
				GCC_C_LANGUAGE_STANDARD = gnu17;
				GCC_DYNAMIC_NO_PIC = NO;
				GCC_NO_COMMON_BLOCKS = YES;
				GCC_OPTIMIZATION_LEVEL = 0;
				GCC_PREPROCESSOR_DEFINITIONS = (
					"DEBUG=1",
					"$(inherited)",
				);
				GCC_WARN_64_TO_32_BIT_CONVERSION = YES;
				GCC_WARN_ABOUT_RETURN_TYPE = YES_ERROR;
				GCC_WARN_UNDECLARED_SELECTOR = YES;
				GCC_WARN_UNINITIALIZED_AUTOS = YES_AGGRESSIVE;
				GCC_WARN_UNUSED_FUNCTION = YES;
				GCC_WARN_UNUSED_VARIABLE = YES;
				IPHONEOS_DEPLOYMENT_TARGET = 17.0;
				LOCALIZATION_PREFERS_STRING_CATALOGS = YES;
				MTL_ENABLE_DEBUG_INFO = INCLUDE_SOURCE;
				MTL_FAST_MATH = YES;
				ONLY_ACTIVE_ARCH = YES;
				SDKROOT = iphoneos;
				SWIFT_ACTIVE_COMPILATION_CONDITIONS = "DEBUG $(inherited)";
				SWIFT_OPTIMIZATION_LEVEL = "-Onone";
			};
			name = Debug;
		};
		3FA1B1882DEC275B00672C7E /* Release */ = {
			isa = XCBuildConfiguration;
			buildSettings = {
				ALWAYS_SEARCH_USER_PATHS = NO;
				ASSETCATALOG_COMPILER_GENERATE_SWIFT_ASSET_SYMBOL_EXTENSIONS = YES;
				CLANG_ANALYZER_NONNULL = YES;
				CLANG_ANALYZER_NUMBER_OBJECT_CONVERSION = YES_AGGRESSIVE;
				CLANG_CXX_LANGUAGE_STANDARD = "gnu++20";
				CLANG_ENABLE_MODULES = YES;
				CLANG_ENABLE_OBJC_ARC = YES;
				CLANG_ENABLE_OBJC_WEAK = YES;
				CLANG_WARN_BLOCK_CAPTURE_AUTORELEASING = YES;
				CLANG_WARN_BOOL_CONVERSION = YES;
				CLANG_WARN_COMMA = YES;
				CLANG_WARN_CONSTANT_CONVERSION = YES;
				CLANG_WARN_DEPRECATED_OBJC_IMPLEMENTATIONS = YES;
				CLANG_WARN_DIRECT_OBJC_ISA_USAGE = YES_ERROR;
				CLANG_WARN_DOCUMENTATION_COMMENTS = YES;
				CLANG_WARN_EMPTY_BODY = YES;
				CLANG_WARN_ENUM_CONVERSION = YES;
				CLANG_WARN_INFINITE_RECURSION = YES;
				CLANG_WARN_INT_CONVERSION = YES;
				CLANG_WARN_NON_LITERAL_NULL_CONVERSION = YES;
				CLANG_WARN_OBJC_IMPLICIT_RETAIN_SELF = YES;
				CLANG_WARN_OBJC_LITERAL_CONVERSION = YES;
				CLANG_WARN_OBJC_ROOT_CLASS = YES_ERROR;
				CLANG_WARN_QUOTED_INCLUDE_IN_FRAMEWORK_HEADER = YES;
				CLANG_WARN_RANGE_LOOP_ANALYSIS = YES;
				CLANG_WARN_STRICT_PROTOTYPES = YES;
				CLANG_WARN_SUSPICIOUS_MOVE = YES;
				CLANG_WARN_UNGUARDED_AVAILABILITY = YES_AGGRESSIVE;
				CLANG_WARN_UNREACHABLE_CODE = YES;
				CLANG_WARN__DUPLICATE_METHOD_MATCH = YES;
				COPY_PHASE_STRIP = NO;
				DEBUG_INFORMATION_FORMAT = "dwarf-with-dsym";
				ENABLE_NS_ASSERTIONS = NO;
				ENABLE_STRICT_OBJC_MSGSEND = YES;
				ENABLE_USER_SCRIPT_SANDBOXING = YES;
				GCC_C_LANGUAGE_STANDARD = gnu17;
				GCC_NO_COMMON_BLOCKS = YES;
				GCC_WARN_64_TO_32_BIT_CONVERSION = YES;
				GCC_WARN_ABOUT_RETURN_TYPE = YES_ERROR;
				GCC_WARN_UNDECLARED_SELECTOR = YES;
				GCC_WARN_UNINITIALIZED_AUTOS = YES_AGGRESSIVE;
				GCC_WARN_UNUSED_FUNCTION = YES;
				GCC_WARN_UNUSED_VARIABLE = YES;
				IPHONEOS_DEPLOYMENT_TARGET = 17.0;
				LOCALIZATION_PREFERS_STRING_CATALOGS = YES;
				MTL_ENABLE_DEBUG_INFO = NO;
				MTL_FAST_MATH = YES;
				SDKROOT = iphoneos;
				SWIFT_COMPILATION_MODE = wholemodule;
				VALIDATE_PRODUCT = YES;
			};
			name = Release;
		};
		3FA1B18A2DEC275B00672C7E /* Debug */ = {
			isa = XCBuildConfiguration;
			buildSettings = {
				ASSETCATALOG_COMPILER_APPICON_NAME = AppIcon;
				ASSETCATALOG_COMPILER_GLOBAL_ACCENT_COLOR_NAME = AccentColor;
				CODE_SIGN_STYLE = Automatic;
				CURRENT_PROJECT_VERSION = 1;
				DEVELOPMENT_ASSET_PATHS = "\"shopping_cart/Preview Content\"";
				ENABLE_PREVIEWS = YES;
				GENERATE_INFOPLIST_FILE = YES;
				INFOPLIST_KEY_UIApplicationSceneManifest_Generation = YES;
				INFOPLIST_KEY_UIApplicationSupportsIndirectInputEvents = YES;
				INFOPLIST_KEY_UILaunchScreen_Generation = YES;
				INFOPLIST_KEY_UISupportedInterfaceOrientations_iPad = "UIInterfaceOrientationPortrait UIInterfaceOrientationPortraitUpsideDown UIInterfaceOrientationLandscapeLeft UIInterfaceOrientationLandscapeRight";
				INFOPLIST_KEY_UISupportedInterfaceOrientations_iPhone = "UIInterfaceOrientationPortrait UIInterfaceOrientationLandscapeLeft UIInterfaceOrientationLandscapeRight";
				LD_RUNPATH_SEARCH_PATHS = (
					"$(inherited)",
					"@executable_path/Frameworks",
				);
				MARKETING_VERSION = 1.0;
				PRODUCT_BUNDLE_IDENTIFIER = "com.shopping-cart";
				PRODUCT_NAME = "$(TARGET_NAME)";
				SWIFT_EMIT_LOC_STRINGS = YES;
				SWIFT_VERSION = 5.0;
				TARGETED_DEVICE_FAMILY = "1,2";
			};
			name = Debug;
		};
		3FA1B18B2DEC275B00672C7E /* Release */ = {
			isa = XCBuildConfiguration;
			buildSettings = {
				ASSETCATALOG_COMPILER_APPICON_NAME = AppIcon;
				ASSETCATALOG_COMPILER_GLOBAL_ACCENT_COLOR_NAME = AccentColor;
				CODE_SIGN_STYLE = Automatic;
				CURRENT_PROJECT_VERSION = 1;
				DEVELOPMENT_ASSET_PATHS = "\"shopping_cart/Preview Content\"";
				ENABLE_PREVIEWS = YES;
				GENERATE_INFOPLIST_FILE = YES;
				INFOPLIST_KEY_UIApplicationSceneManifest_Generation = YES;
				INFOPLIST_KEY_UIApplicationSupportsIndirectInputEvents = YES;
				INFOPLIST_KEY_UILaunchScreen_Generation = YES;
				INFOPLIST_KEY_UISupportedInterfaceOrientations_iPad = "UIInterfaceOrientationPortrait UIInterfaceOrientationPortraitUpsideDown UIInterfaceOrientationLandscapeLeft UIInterfaceOrientationLandscapeRight";
				INFOPLIST_KEY_UISupportedInterfaceOrientations_iPhone = "UIInterfaceOrientationPortrait UIInterfaceOrientationLandscapeLeft UIInterfaceOrientationLandscapeRight";
				LD_RUNPATH_SEARCH_PATHS = (
					"$(inherited)",
					"@executable_path/Frameworks",
				);
				MARKETING_VERSION = 1.0;
				PRODUCT_BUNDLE_IDENTIFIER = "com.shopping-cart";
				PRODUCT_NAME = "$(TARGET_NAME)";
				SWIFT_EMIT_LOC_STRINGS = YES;
				SWIFT_VERSION = 5.0;
				TARGETED_DEVICE_FAMILY = "1,2";
			};
			name = Release;
		};
/* End XCBuildConfiguration section */

/* Begin XCConfigurationList section */
		3F4277592DF93887003A73BC /* Build configuration list for PBXNativeTarget "shopping_cartTests" */ = {
			isa = XCConfigurationList;
			buildConfigurations = (
				3F42775A2DF93887003A73BC /* Debug */,
				3F42775B2DF93887003A73BC /* Release */,
			);
			defaultConfigurationIsVisible = 0;
			defaultConfigurationName = Release;
		};
		3FA1B1762DEC275800672C7E /* Build configuration list for PBXProject "shopping_cart" */ = {
			isa = XCConfigurationList;
			buildConfigurations = (
				3FA1B1872DEC275B00672C7E /* Debug */,
				3FA1B1882DEC275B00672C7E /* Release */,
			);
			defaultConfigurationIsVisible = 0;
			defaultConfigurationName = Release;
		};
		3FA1B1892DEC275B00672C7E /* Build configuration list for PBXNativeTarget "shopping_cart" */ = {
			isa = XCConfigurationList;
			buildConfigurations = (
				3FA1B18A2DEC275B00672C7E /* Debug */,
				3FA1B18B2DEC275B00672C7E /* Release */,
			);
			defaultConfigurationIsVisible = 0;
			defaultConfigurationName = Release;
		};
/* End XCConfigurationList section */
	};
	rootObject = 3FA1B1732DEC275800672C7E /* Project object */;
}
